
Microsoft Visual Studio Solution File, Format Version 12.00
# Visual Studio Version 17
VisualStudioVersion = 17.7.34031.279
MinimumVisualStudioVersion = 10.0.40219.1
Project("{FAE04EC0-301F-11D3-BF4B-00C04F79EFBC}") = "Palindrome Number2", "Palindrome Number2.csproj", "{9C0408DA-09F4-4DA5-BB79-5C794717604C}"
EndProject
Global
	GlobalSection(SolutionConfigurationPlatforms) = preSolution
		Debug|Any CPU = Debug|Any CPU
		Release|Any CPU = Release|Any CPU
	EndGlobalSection
	GlobalSection(ProjectConfigurationPlatforms) = postSolution
		{9C0408DA-09F4-4DA5-BB79-5C794717604C}.Debug|Any CPU.ActiveCfg = Debug|Any CPU
		{9C0408DA-09F4-4DA5-BB79-5C794717604C}.Debug|Any CPU.Build.0 = Debug|Any CPU
		{9C0408DA-09F4-4DA5-BB79-5C794717604C}.Release|Any CPU.ActiveCfg = Release|Any CPU
		{9C0408DA-09F4-4DA5-BB79-5C794717604C}.Release|Any CPU.Build.0 = Release|Any CPU
	EndGlobalSection
	GlobalSection(SolutionProperties) = preSolution
		HideSolutionNode = FALSE
	EndGlobalSection
	GlobalSection(ExtensibilityGlobals) = postSolution
		SolutionGuid = {3CD35A9B-3E95-4C61-9D39-C84FE490D526}
	EndGlobalSection
EndGlobal
